{
  "version": 4,
  "terraform_version": "1.3.7",
  "serial": 54,
  "lineage": "a7c3e2ba-9773-32bb-2210-2fd217196fe8",
  "outputs": {},
  "resources": [
    {
      "module": "module.lab3-vpc",
      "mode": "managed",
      "type": "aws_subnet",
      "name": "subnets_private",
      "provider": "provider[\"registry.terraform.io/hashicorp/aws\"]",
      "instances": [
        {
          "index_key": "subnet2",
          "schema_version": 1,
          "attributes": {
            "arn": "arn:aws:ec2:us-east-1:724690408369:subnet/subnet-0738349c510f36a92",
            "assign_ipv6_address_on_creation": false,
            "availability_zone": "us-east-1a",
            "availability_zone_id": "use1-az2",
            "cidr_block": "10.0.1.0/24",
            "customer_owned_ipv4_pool": "",
            "enable_dns64": false,
            "enable_resource_name_dns_a_record_on_launch": false,
            "enable_resource_name_dns_aaaa_record_on_launch": false,
            "id": "subnet-0738349c510f36a92",
            "ipv6_cidr_block": "",
            "ipv6_cidr_block_association_id": "",
            "ipv6_native": false,
            "map_customer_owned_ip_on_launch": false,
            "map_public_ip_on_launch": false,
            "outpost_arn": "",
            "owner_id": "724690408369",
            "private_dns_hostname_type_on_launch": "ip-name",
            "tags": {
              "Name": "subnet2"
            },
            "tags_all": {
              "Name": "subnet2"
            },
            "timeouts": null,
            "vpc_id": "vpc-0075700c9f430e870"
          },
          "sensitive_attributes": [],
          "private": "eyJlMmJmYjczMC1lY2FhLTExZTYtOGY4OC0zNDM2M2JjN2M0YzAiOnsiY3JlYXRlIjo2MDAwMDAwMDAwMDAsImRlbGV0ZSI6MTIwMDAwMDAwMDAwMH0sInNjaGVtYV92ZXJzaW9uIjoiMSJ9",
          "dependencies": [
            "module.lab3-vpc.aws_vpc.vpc1"
          ]
        },
        {
          "index_key": "subnet4",
          "schema_version": 1,
          "attributes": {
            "arn": "arn:aws:ec2:us-east-1:724690408369:subnet/subnet-080a556d953a88222",
            "assign_ipv6_address_on_creation": false,
            "availability_zone": "us-east-1b",
            "availability_zone_id": "use1-az4",
            "cidr_block": "10.0.3.0/24",
            "customer_owned_ipv4_pool": "",
            "enable_dns64": false,
            "enable_resource_name_dns_a_record_on_launch": false,
            "enable_resource_name_dns_aaaa_record_on_launch": false,
            "id": "subnet-080a556d953a88222",
            "ipv6_cidr_block": "",
            "ipv6_cidr_block_association_id": "",
            "ipv6_native": false,
            "map_customer_owned_ip_on_launch": false,
            "map_public_ip_on_launch": false,
            "outpost_arn": "",
            "owner_id": "724690408369",
            "private_dns_hostname_type_on_launch": "ip-name",
            "tags": {
              "Name": "subnet4"
            },
            "tags_all": {
              "Name": "subnet4"
            },
            "timeouts": null,
            "vpc_id": "vpc-0075700c9f430e870"
          },
          "sensitive_attributes": [],
          "private": "eyJlMmJmYjczMC1lY2FhLTExZTYtOGY4OC0zNDM2M2JjN2M0YzAiOnsiY3JlYXRlIjo2MDAwMDAwMDAwMDAsImRlbGV0ZSI6MTIwMDAwMDAwMDAwMH0sInNjaGVtYV92ZXJzaW9uIjoiMSJ9",
          "dependencies": [
            "module.lab3-vpc.aws_vpc.vpc1"
          ]
        }
      ]
    },
    {
      "module": "module.lab3-vpc",
      "mode": "managed",
      "type": "aws_subnet",
      "name": "subnets_public",
      "provider": "provider[\"registry.terraform.io/hashicorp/aws\"]",
      "instances": [
        {
          "index_key": "subnet1",
          "schema_version": 1,
          "attributes": {
            "arn": "arn:aws:ec2:us-east-1:724690408369:subnet/subnet-0bf442a57ff80f7bf",
            "assign_ipv6_address_on_creation": false,
            "availability_zone": "us-east-1a",
            "availability_zone_id": "use1-az2",
            "cidr_block": "10.0.0.0/24",
            "customer_owned_ipv4_pool": "",
            "enable_dns64": false,
            "enable_resource_name_dns_a_record_on_launch": false,
            "enable_resource_name_dns_aaaa_record_on_launch": false,
            "id": "subnet-0bf442a57ff80f7bf",
            "ipv6_cidr_block": "",
            "ipv6_cidr_block_association_id": "",
            "ipv6_native": false,
            "map_customer_owned_ip_on_launch": false,
            "map_public_ip_on_launch": false,
            "outpost_arn": "",
            "owner_id": "724690408369",
            "private_dns_hostname_type_on_launch": "ip-name",
            "tags": {
              "Name": "subnet1"
            },
            "tags_all": {
              "Name": "subnet1"
            },
            "timeouts": null,
            "vpc_id": "vpc-0075700c9f430e870"
          },
          "sensitive_attributes": [],
          "private": "eyJlMmJmYjczMC1lY2FhLTExZTYtOGY4OC0zNDM2M2JjN2M0YzAiOnsiY3JlYXRlIjo2MDAwMDAwMDAwMDAsImRlbGV0ZSI6MTIwMDAwMDAwMDAwMH0sInNjaGVtYV92ZXJzaW9uIjoiMSJ9",
          "dependencies": [
            "module.lab3-vpc.aws_vpc.vpc1"
          ]
        },
        {
          "index_key": "subnet3",
          "schema_version": 1,
          "attributes": {
            "arn": "arn:aws:ec2:us-east-1:724690408369:subnet/subnet-08f7d8c30aac38dfd",
            "assign_ipv6_address_on_creation": false,
            "availability_zone": "us-east-1b",
            "availability_zone_id": "use1-az4",
            "cidr_block": "10.0.2.0/24",
            "customer_owned_ipv4_pool": "",
            "enable_dns64": false,
            "enable_resource_name_dns_a_record_on_launch": false,
            "enable_resource_name_dns_aaaa_record_on_launch": false,
            "id": "subnet-08f7d8c30aac38dfd",
            "ipv6_cidr_block": "",
            "ipv6_cidr_block_association_id": "",
            "ipv6_native": false,
            "map_customer_owned_ip_on_launch": false,
            "map_public_ip_on_launch": false,
            "outpost_arn": "",
            "owner_id": "724690408369",
            "private_dns_hostname_type_on_launch": "ip-name",
            "tags": {
              "Name": "subnet3"
            },
            "tags_all": {
              "Name": "subnet3"
            },
            "timeouts": null,
            "vpc_id": "vpc-0075700c9f430e870"
          },
          "sensitive_attributes": [],
          "private": "eyJlMmJmYjczMC1lY2FhLTExZTYtOGY4OC0zNDM2M2JjN2M0YzAiOnsiY3JlYXRlIjo2MDAwMDAwMDAwMDAsImRlbGV0ZSI6MTIwMDAwMDAwMDAwMH0sInNjaGVtYV92ZXJzaW9uIjoiMSJ9",
          "dependencies": [
            "module.lab3-vpc.aws_vpc.vpc1"
          ]
        }
      ]
    },
    {
      "module": "module.lab3-vpc",
      "mode": "managed",
      "type": "aws_vpc",
      "name": "vpc1",
      "provider": "provider[\"registry.terraform.io/hashicorp/aws\"]",
      "instances": [
        {
          "schema_version": 1,
          "attributes": {
            "arn": "arn:aws:ec2:us-east-1:724690408369:vpc/vpc-0075700c9f430e870",
            "assign_generated_ipv6_cidr_block": false,
            "cidr_block": "10.0.0.0/16",
            "default_network_acl_id": "acl-0b97be42787e64295",
            "default_route_table_id": "rtb-0b56e2c794e6a7d9a",
            "default_security_group_id": "sg-04021be31f0dffd3f",
            "dhcp_options_id": "dopt-0c9045477746072cc",
            "enable_classiclink": false,
            "enable_classiclink_dns_support": false,
            "enable_dns_hostnames": false,
            "enable_dns_support": true,
            "enable_network_address_usage_metrics": false,
            "id": "vpc-0075700c9f430e870",
            "instance_tenancy": "default",
            "ipv4_ipam_pool_id": null,
            "ipv4_netmask_length": null,
            "ipv6_association_id": "",
            "ipv6_cidr_block": "",
            "ipv6_cidr_block_network_border_group": "",
            "ipv6_ipam_pool_id": "",
            "ipv6_netmask_length": 0,
            "main_route_table_id": "rtb-0b56e2c794e6a7d9a",
            "owner_id": "724690408369",
            "tags": {
              "Name": " lab3"
            },
            "tags_all": {
              "Name": " lab3"
            }
          },
          "sensitive_attributes": [],
          "private": "eyJzY2hlbWFfdmVyc2lvbiI6IjEifQ=="
        }
      ]
    },
    {
      "module": "module.lab3_ec2",
      "mode": "managed",
      "type": "aws_instance",
      "name": "public-ec2",
      "provider": "provider[\"registry.terraform.io/hashicorp/aws\"]",
      "instances": [
        {
          "index_key": "public_ec2_1",
          "schema_version": 1,
          "attributes": {
            "ami": "ami-06878d265978313ca",
            "arn": "arn:aws:ec2:us-east-1:724690408369:instance/i-059138e5bf4d4eead",
            "associate_public_ip_address": true,
            "availability_zone": "us-east-1a",
            "capacity_reservation_specification": [
              {
                "capacity_reservation_preference": "open",
                "capacity_reservation_target": []
              }
            ],
            "cpu_core_count": 1,
            "cpu_threads_per_core": 1,
            "credit_specification": [
              {
                "cpu_credits": "standard"
              }
            ],
            "disable_api_stop": false,
            "disable_api_termination": false,
            "ebs_block_device": [],
            "ebs_optimized": false,
            "enclave_options": [
              {
                "enabled": false
              }
            ],
            "ephemeral_block_device": [],
            "get_password_data": false,
            "hibernation": false,
            "host_id": null,
            "host_resource_group_arn": null,
            "iam_instance_profile": "",
            "id": "i-059138e5bf4d4eead",
            "instance_initiated_shutdown_behavior": "stop",
            "instance_state": "running",
            "instance_type": "t2.micro",
            "ipv6_address_count": 0,
            "ipv6_addresses": [],
            "key_name": "my_aws_key",
            "launch_template": [],
            "maintenance_options": [
              {
                "auto_recovery": "default"
              }
            ],
            "metadata_options": [
              {
                "http_endpoint": "enabled",
                "http_put_response_hop_limit": 1,
                "http_tokens": "optional",
                "instance_metadata_tags": "disabled"
              }
            ],
            "monitoring": false,
            "network_interface": [],
            "outpost_arn": "",
            "password_data": "",
            "placement_group": "",
            "placement_partition_number": null,
            "primary_network_interface_id": "eni-0c6fdec20d73a014d",
            "private_dns": "ip-10-0-0-198.ec2.internal",
            "private_dns_name_options": [
              {
                "enable_resource_name_dns_a_record": false,
                "enable_resource_name_dns_aaaa_record": false,
                "hostname_type": "ip-name"
              }
            ],
            "private_ip": "10.0.0.198",
            "public_dns": "",
            "public_ip": "34.227.110.153",
            "root_block_device": [
              {
                "delete_on_termination": true,
                "device_name": "/dev/sda1",
                "encrypted": false,
                "iops": 100,
                "kms_key_id": "",
                "tags": {},
                "throughput": 0,
                "volume_id": "vol-0d30d50d26c208447",
                "volume_size": 8,
                "volume_type": "gp2"
              }
            ],
            "secondary_private_ips": [],
            "security_groups": [],
            "source_dest_check": true,
            "subnet_id": "subnet-02325d5ff50d812f5",
            "tags": {
              "Name": "public_ec2_1"
            },
            "tags_all": {
              "Name": "public_ec2_1"
            },
            "tenancy": "default",
            "timeouts": null,
            "user_data": null,
            "user_data_base64": null,
            "user_data_replace_on_change": false,
            "volume_tags": null,
            "vpc_security_group_ids": [
              "sg-0420ff03c0b754ade"
            ]
          },
          "sensitive_attributes": [],
          "private": "eyJlMmJmYjczMC1lY2FhLTExZTYtOGY4OC0zNDM2M2JjN2M0YzAiOnsiY3JlYXRlIjo2MDAwMDAwMDAwMDAsImRlbGV0ZSI6MTIwMDAwMDAwMDAwMCwidXBkYXRlIjo2MDAwMDAwMDAwMDB9LCJzY2hlbWFfdmVyc2lvbiI6IjEifQ==",
          "dependencies": [
            "module.lab3_ec2.aws_security_group.ec2_security",
            "module.routing-and-networking.aws_subnet.subnets_public"
          ]
        },
        {
          "index_key": "public_ec2_2",
          "schema_version": 1,
          "attributes": {
            "ami": "ami-06878d265978313ca",
            "arn": "arn:aws:ec2:us-east-1:724690408369:instance/i-0ff014af33c834b0a",
            "associate_public_ip_address": true,
            "availability_zone": "us-east-1b",
            "capacity_reservation_specification": [
              {
                "capacity_reservation_preference": "open",
                "capacity_reservation_target": []
              }
            ],
            "cpu_core_count": 1,
            "cpu_threads_per_core": 1,
            "credit_specification": [
              {
                "cpu_credits": "standard"
              }
            ],
            "disable_api_stop": false,
            "disable_api_termination": false,
            "ebs_block_device": [],
            "ebs_optimized": false,
            "enclave_options": [
              {
                "enabled": false
              }
            ],
            "ephemeral_block_device": [],
            "get_password_data": false,
            "hibernation": false,
            "host_id": null,
            "host_resource_group_arn": null,
            "iam_instance_profile": "",
            "id": "i-0ff014af33c834b0a",
            "instance_initiated_shutdown_behavior": "stop",
            "instance_state": "running",
            "instance_type": "t2.micro",
            "ipv6_address_count": 0,
            "ipv6_addresses": [],
            "key_name": "my_aws_key",
            "launch_template": [],
            "maintenance_options": [
              {
                "auto_recovery": "default"
              }
            ],
            "metadata_options": [
              {
                "http_endpoint": "enabled",
                "http_put_response_hop_limit": 1,
                "http_tokens": "optional",
                "instance_metadata_tags": "disabled"
              }
            ],
            "monitoring": false,
            "network_interface": [],
            "outpost_arn": "",
            "password_data": "",
            "placement_group": "",
            "placement_partition_number": null,
            "primary_network_interface_id": "eni-0caf8873353d9ac27",
            "private_dns": "ip-10-0-2-106.ec2.internal",
            "private_dns_name_options": [
              {
                "enable_resource_name_dns_a_record": false,
                "enable_resource_name_dns_aaaa_record": false,
                "hostname_type": "ip-name"
              }
            ],
            "private_ip": "10.0.2.106",
            "public_dns": "",
            "public_ip": "3.94.146.61",
            "root_block_device": [
              {
                "delete_on_termination": true,
                "device_name": "/dev/sda1",
                "encrypted": false,
                "iops": 100,
                "kms_key_id": "",
                "tags": {},
                "throughput": 0,
                "volume_id": "vol-0bd19344b279b8a9f",
                "volume_size": 8,
                "volume_type": "gp2"
              }
            ],
            "secondary_private_ips": [],
            "security_groups": [],
            "source_dest_check": true,
            "subnet_id": "subnet-0150e3f894096d07a",
            "tags": {
              "Name": "public_ec2_2"
            },
            "tags_all": {
              "Name": "public_ec2_2"
            },
            "tenancy": "default",
            "timeouts": null,
            "user_data": null,
            "user_data_base64": null,
            "user_data_replace_on_change": false,
            "volume_tags": null,
            "vpc_security_group_ids": [
              "sg-0420ff03c0b754ade"
            ]
          },
          "sensitive_attributes": [],
          "private": "eyJlMmJmYjczMC1lY2FhLTExZTYtOGY4OC0zNDM2M2JjN2M0YzAiOnsiY3JlYXRlIjo2MDAwMDAwMDAwMDAsImRlbGV0ZSI6MTIwMDAwMDAwMDAwMCwidXBkYXRlIjo2MDAwMDAwMDAwMDB9LCJzY2hlbWFfdmVyc2lvbiI6IjEifQ==",
          "dependencies": [
            "module.lab3_ec2.aws_security_group.ec2_security",
            "module.routing-and-networking.aws_subnet.subnets_public"
          ]
        }
      ]
    },
    {
      "module": "module.lab3_ec2",
      "mode": "managed",
      "type": "aws_security_group",
      "name": "ec2_security",
      "provider": "provider[\"registry.terraform.io/hashicorp/aws\"]",
      "instances": [
        {
          "schema_version": 1,
          "attributes": {
            "arn": "arn:aws:ec2:us-east-1:724690408369:security-group/sg-0420ff03c0b754ade",
            "description": "Managed by Terraform",
            "egress": [
              {
                "cidr_blocks": [
                  "0.0.0.0/0"
                ],
                "description": "",
                "from_port": 0,
                "ipv6_cidr_blocks": [],
                "prefix_list_ids": [],
                "protocol": "-1",
                "security_groups": [],
                "self": false,
                "to_port": 0
              }
            ],
            "id": "sg-0420ff03c0b754ade",
            "ingress": [
              {
                "cidr_blocks": [
                  "0.0.0.0/0"
                ],
                "description": "http",
                "from_port": 80,
                "ipv6_cidr_blocks": [],
                "prefix_list_ids": [],
                "protocol": "tcp",
                "security_groups": [],
                "self": false,
                "to_port": 80
              },
              {
                "cidr_blocks": [
                  "0.0.0.0/0"
                ],
                "description": "ssh",
                "from_port": 22,
                "ipv6_cidr_blocks": [],
                "prefix_list_ids": [],
                "protocol": "tcp",
                "security_groups": [],
                "self": false,
                "to_port": 22
              }
            ],
            "name": "ec2 security group",
            "name_prefix": "",
            "owner_id": "724690408369",
            "revoke_rules_on_delete": false,
            "tags": {
              "Name": "ec2 security group"
            },
            "tags_all": {
              "Name": "ec2 security group"
            },
            "timeouts": null,
            "vpc_id": "vpc-071e5560a713b0857"
          },
          "sensitive_attributes": [],
          "private": "eyJlMmJmYjczMC1lY2FhLTExZTYtOGY4OC0zNDM2M2JjN2M0YzAiOnsiY3JlYXRlIjo2MDAwMDAwMDAwMDAsImRlbGV0ZSI6OTAwMDAwMDAwMDAwfSwic2NoZW1hX3ZlcnNpb24iOiIxIn0=",
          "dependencies": [
            "module.routing-and-networking.aws_vpc.vpc1"
          ]
        }
      ]
    },
    {
      "module": "module.routing-and-networking",
      "mode": "managed",
      "type": "aws_eip",
      "name": "elastic_ip",
      "provider": "provider[\"registry.terraform.io/hashicorp/aws\"]",
      "instances": [
        {
          "schema_version": 0,
          "attributes": {
            "address": null,
            "allocation_id": "eipalloc-0b3b380f9d937e842",
            "associate_with_private_ip": null,
            "association_id": "eipassoc-0afe16fd4788a2b58",
            "carrier_ip": "",
            "customer_owned_ip": "",
            "customer_owned_ipv4_pool": "",
            "domain": "vpc",
            "id": "eipalloc-0b3b380f9d937e842",
            "instance": "",
            "network_border_group": "us-east-1",
            "network_interface": "eni-05bfc914b963c6e41",
            "private_dns": "ip-10-0-0-163.ec2.internal",
            "private_ip": "10.0.0.163",
            "public_dns": "ec2-44-206-140-108.compute-1.amazonaws.com",
            "public_ip": "44.206.140.108",
            "public_ipv4_pool": "amazon",
            "tags": {},
            "tags_all": {},
            "timeouts": null,
            "vpc": true
          },
          "sensitive_attributes": [],
          "private": "eyJlMmJmYjczMC1lY2FhLTExZTYtOGY4OC0zNDM2M2JjN2M0YzAiOnsiZGVsZXRlIjoxODAwMDAwMDAwMDAsInJlYWQiOjkwMDAwMDAwMDAwMCwidXBkYXRlIjozMDAwMDAwMDAwMDB9fQ=="
        }
      ]
    },
    {
      "module": "module.routing-and-networking",
      "mode": "managed",
      "type": "aws_internet_gateway",
      "name": "igw_3",
      "provider": "provider[\"registry.terraform.io/hashicorp/aws\"]",
      "instances": [
        {
          "schema_version": 0,
          "attributes": {
            "arn": "arn:aws:ec2:us-east-1:724690408369:internet-gateway/igw-0259afc3799c60107",
            "id": "igw-0259afc3799c60107",
            "owner_id": "724690408369",
            "tags": {
              "Name": "igw_lab3"
            },
            "tags_all": {
              "Name": "igw_lab3"
            },
            "timeouts": null,
            "vpc_id": "vpc-071e5560a713b0857"
          },
          "sensitive_attributes": [],
          "private": "eyJlMmJmYjczMC1lY2FhLTExZTYtOGY4OC0zNDM2M2JjN2M0YzAiOnsiY3JlYXRlIjoxMjAwMDAwMDAwMDAwLCJkZWxldGUiOjEyMDAwMDAwMDAwMDAsInVwZGF0ZSI6MTIwMDAwMDAwMDAwMH19",
          "dependencies": [
            "module.routing-and-networking.aws_vpc.vpc1"
          ]
        }
      ]
    },
    {
      "module": "module.routing-and-networking",
      "mode": "managed",
      "type": "aws_nat_gateway",
      "name": "Nat",
      "provider": "provider[\"registry.terraform.io/hashicorp/aws\"]",
      "instances": [
        {
          "schema_version": 0,
          "attributes": {
            "allocation_id": "eipalloc-0b3b380f9d937e842",
            "connectivity_type": "public",
            "id": "nat-0b8e66ab86b675bcb",
            "network_interface_id": "eni-05bfc914b963c6e41",
            "private_ip": "10.0.0.163",
            "public_ip": "44.206.140.108",
            "subnet_id": "subnet-02325d5ff50d812f5",
            "tags": {
              "Name": "NatGateway"
            },
            "tags_all": {
              "Name": "NatGateway"
            }
          },
          "sensitive_attributes": [],
          "private": "bnVsbA==",
          "dependencies": [
            "module.routing-and-networking.aws_eip.elastic_ip",
            "module.routing-and-networking.aws_internet_gateway.igw_3",
            "module.routing-and-networking.aws_subnet.subnets_public",
            "module.routing-and-networking.aws_vpc.vpc1"
          ]
        }
      ]
    },
    {
      "module": "module.routing-and-networking",
      "mode": "managed",
      "type": "aws_route",
      "name": "pub_route",
      "provider": "provider[\"registry.terraform.io/hashicorp/aws\"]",
      "instances": [
        {
          "index_key": "private_route",
          "schema_version": 0,
          "attributes": {
            "carrier_gateway_id": "",
            "core_network_arn": "",
            "destination_cidr_block": "0.0.0.0/0",
            "destination_ipv6_cidr_block": "",
            "destination_prefix_list_id": "",
            "egress_only_gateway_id": "",
            "gateway_id": "",
            "id": "r-rtb-004311d860d977c141080289494",
            "instance_id": "",
            "instance_owner_id": "",
            "local_gateway_id": "",
            "nat_gateway_id": "nat-0b8e66ab86b675bcb",
            "network_interface_id": "",
            "origin": "CreateRoute",
            "route_table_id": "rtb-004311d860d977c14",
            "state": "active",
            "timeouts": null,
            "transit_gateway_id": "",
            "vpc_endpoint_id": "",
            "vpc_peering_connection_id": ""
          },
          "sensitive_attributes": [],
          "private": "eyJlMmJmYjczMC1lY2FhLTExZTYtOGY4OC0zNDM2M2JjN2M0YzAiOnsiY3JlYXRlIjozMDAwMDAwMDAwMDAsImRlbGV0ZSI6MzAwMDAwMDAwMDAwLCJ1cGRhdGUiOjEyMDAwMDAwMDAwMH19",
          "dependencies": [
            "module.routing-and-networking.aws_internet_gateway.igw_3",
            "module.routing-and-networking.aws_nat_gateway.Nat",
            "module.routing-and-networking.aws_route_table.route_table"
          ]
        },
        {
          "index_key": "public_route",
          "schema_version": 0,
          "attributes": {
            "carrier_gateway_id": "",
            "core_network_arn": "",
            "destination_cidr_block": "0.0.0.0/0",
            "destination_ipv6_cidr_block": "",
            "destination_prefix_list_id": "",
            "egress_only_gateway_id": "",
            "gateway_id": "igw-0259afc3799c60107",
            "id": "r-rtb-0d341f30f3cc3d0df1080289494",
            "instance_id": "",
            "instance_owner_id": "",
            "local_gateway_id": "",
            "nat_gateway_id": "",
            "network_interface_id": "",
            "origin": "CreateRoute",
            "route_table_id": "rtb-0d341f30f3cc3d0df",
            "state": "active",
            "timeouts": null,
            "transit_gateway_id": "",
            "vpc_endpoint_id": "",
            "vpc_peering_connection_id": ""
          },
          "sensitive_attributes": [],
          "private": "eyJlMmJmYjczMC1lY2FhLTExZTYtOGY4OC0zNDM2M2JjN2M0YzAiOnsiY3JlYXRlIjozMDAwMDAwMDAwMDAsImRlbGV0ZSI6MzAwMDAwMDAwMDAwLCJ1cGRhdGUiOjEyMDAwMDAwMDAwMH19",
          "dependencies": [
            "module.routing-and-networking.aws_eip.elastic_ip",
            "module.routing-and-networking.aws_internet_gateway.igw_3",
            "module.routing-and-networking.aws_nat_gateway.Nat",
            "module.routing-and-networking.aws_route_table.route_table",
            "module.routing-and-networking.aws_subnet.subnets_public",
            "module.routing-and-networking.aws_vpc.vpc1"
          ]
        }
      ]
    },
    {
      "module": "module.routing-and-networking",
      "mode": "managed",
      "type": "aws_route_table",
      "name": "route_table",
      "provider": "provider[\"registry.terraform.io/hashicorp/aws\"]",
      "instances": [
        {
          "index_key": "table1",
          "schema_version": 0,
          "attributes": {
            "arn": "arn:aws:ec2:us-east-1:724690408369:route-table/rtb-0d341f30f3cc3d0df",
            "id": "rtb-0d341f30f3cc3d0df",
            "owner_id": "724690408369",
            "propagating_vgws": [],
            "route": [
              {
                "carrier_gateway_id": "",
                "cidr_block": "0.0.0.0/0",
                "core_network_arn": "",
                "destination_prefix_list_id": "",
                "egress_only_gateway_id": "",
                "gateway_id": "igw-0259afc3799c60107",
                "instance_id": "",
                "ipv6_cidr_block": "",
                "local_gateway_id": "",
                "nat_gateway_id": "",
                "network_interface_id": "",
                "transit_gateway_id": "",
                "vpc_endpoint_id": "",
                "vpc_peering_connection_id": ""
              }
            ],
            "tags": {
              "Name": "pub_route_table"
            },
            "tags_all": {
              "Name": "pub_route_table"
            },
            "timeouts": null,
            "vpc_id": "vpc-071e5560a713b0857"
          },
          "sensitive_attributes": [],
          "private": "eyJlMmJmYjczMC1lY2FhLTExZTYtOGY4OC0zNDM2M2JjN2M0YzAiOnsiY3JlYXRlIjozMDAwMDAwMDAwMDAsImRlbGV0ZSI6MzAwMDAwMDAwMDAwLCJ1cGRhdGUiOjEyMDAwMDAwMDAwMH19",
          "dependencies": [
            "module.routing-and-networking.aws_vpc.vpc1"
          ]
        },
        {
          "index_key": "table2",
          "schema_version": 0,
          "attributes": {
            "arn": "arn:aws:ec2:us-east-1:724690408369:route-table/rtb-004311d860d977c14",
            "id": "rtb-004311d860d977c14",
            "owner_id": "724690408369",
            "propagating_vgws": [],
            "route": [
              {
                "carrier_gateway_id": "",
                "cidr_block": "0.0.0.0/0",
                "core_network_arn": "",
                "destination_prefix_list_id": "",
                "egress_only_gateway_id": "",
                "gateway_id": "",
                "instance_id": "",
                "ipv6_cidr_block": "",
                "local_gateway_id": "",
                "nat_gateway_id": "nat-0b8e66ab86b675bcb",
                "network_interface_id": "",
                "transit_gateway_id": "",
                "vpc_endpoint_id": "",
                "vpc_peering_connection_id": ""
              }
            ],
            "tags": {
              "Name": "priv_route_table"
            },
            "tags_all": {
              "Name": "priv_route_table"
            },
            "timeouts": null,
            "vpc_id": "vpc-071e5560a713b0857"
          },
          "sensitive_attributes": [],
          "private": "eyJlMmJmYjczMC1lY2FhLTExZTYtOGY4OC0zNDM2M2JjN2M0YzAiOnsiY3JlYXRlIjozMDAwMDAwMDAwMDAsImRlbGV0ZSI6MzAwMDAwMDAwMDAwLCJ1cGRhdGUiOjEyMDAwMDAwMDAwMH19",
          "dependencies": [
            "module.routing-and-networking.aws_vpc.vpc1"
          ]
        }
      ]
    },
    {
      "module": "module.routing-and-networking",
      "mode": "managed",
      "type": "aws_route_table_association",
      "name": "private_association",
      "provider": "provider[\"registry.terraform.io/hashicorp/aws\"]",
      "instances": [
        {
          "index_key": "privateSubnet_association1",
          "schema_version": 0,
          "attributes": {
            "gateway_id": "",
            "id": "rtbassoc-0f65e84bf32a6b404",
            "route_table_id": "rtb-004311d860d977c14",
            "subnet_id": "subnet-0c4ac079c31acc998"
          },
          "sensitive_attributes": [],
          "private": "bnVsbA==",
          "dependencies": [
            "module.routing-and-networking.aws_route_table.route_table",
            "module.routing-and-networking.aws_subnet.subnets_private",
            "module.routing-and-networking.aws_vpc.vpc1"
          ]
        },
        {
          "index_key": "privateSubnet_association2",
          "schema_version": 0,
          "attributes": {
            "gateway_id": "",
            "id": "rtbassoc-0b0076e7c6367100a",
            "route_table_id": "rtb-004311d860d977c14",
            "subnet_id": "subnet-0ffbb7e36db80320e"
          },
          "sensitive_attributes": [],
          "private": "bnVsbA==",
          "dependencies": [
            "module.routing-and-networking.aws_route_table.route_table",
            "module.routing-and-networking.aws_subnet.subnets_private",
            "module.routing-and-networking.aws_vpc.vpc1"
          ]
        }
      ]
    },
    {
      "module": "module.routing-and-networking",
      "mode": "managed",
      "type": "aws_route_table_association",
      "name": "public-association",
      "provider": "provider[\"registry.terraform.io/hashicorp/aws\"]",
      "instances": [
        {
          "index_key": "publicSubnet_association1",
          "schema_version": 0,
          "attributes": {
            "gateway_id": "",
            "id": "rtbassoc-0d9e1976bad82991d",
            "route_table_id": "rtb-0d341f30f3cc3d0df",
            "subnet_id": "subnet-02325d5ff50d812f5"
          },
          "sensitive_attributes": [],
          "private": "bnVsbA==",
          "dependencies": [
            "module.routing-and-networking.aws_route_table.route_table",
            "module.routing-and-networking.aws_subnet.subnets_public",
            "module.routing-and-networking.aws_vpc.vpc1"
          ]
        },
        {
          "index_key": "publicSubnet_association2",
          "schema_version": 0,
          "attributes": {
            "gateway_id": "",
            "id": "rtbassoc-0a19e0971a4a08243",
            "route_table_id": "rtb-0d341f30f3cc3d0df",
            "subnet_id": "subnet-0150e3f894096d07a"
          },
          "sensitive_attributes": [],
          "private": "bnVsbA==",
          "dependencies": [
            "module.routing-and-networking.aws_route_table.route_table",
            "module.routing-and-networking.aws_subnet.subnets_public",
            "module.routing-and-networking.aws_vpc.vpc1"
          ]
        }
      ]
    },
    {
      "module": "module.routing-and-networking",
      "mode": "managed",
      "type": "aws_subnet",
      "name": "subnets_private",
      "provider": "provider[\"registry.terraform.io/hashicorp/aws\"]",
      "instances": [
        {
          "index_key": "subnet2",
          "schema_version": 1,
          "attributes": {
            "arn": "arn:aws:ec2:us-east-1:724690408369:subnet/subnet-0c4ac079c31acc998",
            "assign_ipv6_address_on_creation": false,
            "availability_zone": "us-east-1a",
            "availability_zone_id": "use1-az2",
            "cidr_block": "10.0.1.0/24",
            "customer_owned_ipv4_pool": "",
            "enable_dns64": false,
            "enable_resource_name_dns_a_record_on_launch": false,
            "enable_resource_name_dns_aaaa_record_on_launch": false,
            "id": "subnet-0c4ac079c31acc998",
            "ipv6_cidr_block": "",
            "ipv6_cidr_block_association_id": "",
            "ipv6_native": false,
            "map_customer_owned_ip_on_launch": false,
            "map_public_ip_on_launch": false,
            "outpost_arn": "",
            "owner_id": "724690408369",
            "private_dns_hostname_type_on_launch": "ip-name",
            "tags": {
              "Name": "subnet2"
            },
            "tags_all": {
              "Name": "subnet2"
            },
            "timeouts": null,
            "vpc_id": "vpc-071e5560a713b0857"
          },
          "sensitive_attributes": [],
          "private": "eyJlMmJmYjczMC1lY2FhLTExZTYtOGY4OC0zNDM2M2JjN2M0YzAiOnsiY3JlYXRlIjo2MDAwMDAwMDAwMDAsImRlbGV0ZSI6MTIwMDAwMDAwMDAwMH0sInNjaGVtYV92ZXJzaW9uIjoiMSJ9",
          "dependencies": [
            "module.routing-and-networking.aws_vpc.vpc1"
          ]
        },
        {
          "index_key": "subnet4",
          "schema_version": 1,
          "attributes": {
            "arn": "arn:aws:ec2:us-east-1:724690408369:subnet/subnet-0ffbb7e36db80320e",
            "assign_ipv6_address_on_creation": false,
            "availability_zone": "us-east-1b",
            "availability_zone_id": "use1-az4",
            "cidr_block": "10.0.3.0/24",
            "customer_owned_ipv4_pool": "",
            "enable_dns64": false,
            "enable_resource_name_dns_a_record_on_launch": false,
            "enable_resource_name_dns_aaaa_record_on_launch": false,
            "id": "subnet-0ffbb7e36db80320e",
            "ipv6_cidr_block": "",
            "ipv6_cidr_block_association_id": "",
            "ipv6_native": false,
            "map_customer_owned_ip_on_launch": false,
            "map_public_ip_on_launch": false,
            "outpost_arn": "",
            "owner_id": "724690408369",
            "private_dns_hostname_type_on_launch": "ip-name",
            "tags": {
              "Name": "subnet4"
            },
            "tags_all": {
              "Name": "subnet4"
            },
            "timeouts": null,
            "vpc_id": "vpc-071e5560a713b0857"
          },
          "sensitive_attributes": [],
          "private": "eyJlMmJmYjczMC1lY2FhLTExZTYtOGY4OC0zNDM2M2JjN2M0YzAiOnsiY3JlYXRlIjo2MDAwMDAwMDAwMDAsImRlbGV0ZSI6MTIwMDAwMDAwMDAwMH0sInNjaGVtYV92ZXJzaW9uIjoiMSJ9",
          "dependencies": [
            "module.routing-and-networking.aws_vpc.vpc1"
          ]
        }
      ]
    },
    {
      "module": "module.routing-and-networking",
      "mode": "managed",
      "type": "aws_subnet",
      "name": "subnets_public",
      "provider": "provider[\"registry.terraform.io/hashicorp/aws\"]",
      "instances": [
        {
          "index_key": "subnet1",
          "schema_version": 1,
          "attributes": {
            "arn": "arn:aws:ec2:us-east-1:724690408369:subnet/subnet-02325d5ff50d812f5",
            "assign_ipv6_address_on_creation": false,
            "availability_zone": "us-east-1a",
            "availability_zone_id": "use1-az2",
            "cidr_block": "10.0.0.0/24",
            "customer_owned_ipv4_pool": "",
            "enable_dns64": false,
            "enable_resource_name_dns_a_record_on_launch": false,
            "enable_resource_name_dns_aaaa_record_on_launch": false,
            "id": "subnet-02325d5ff50d812f5",
            "ipv6_cidr_block": "",
            "ipv6_cidr_block_association_id": "",
            "ipv6_native": false,
            "map_customer_owned_ip_on_launch": false,
            "map_public_ip_on_launch": false,
            "outpost_arn": "",
            "owner_id": "724690408369",
            "private_dns_hostname_type_on_launch": "ip-name",
            "tags": {
              "Name": "subnet1"
            },
            "tags_all": {
              "Name": "subnet1"
            },
            "timeouts": null,
            "vpc_id": "vpc-071e5560a713b0857"
          },
          "sensitive_attributes": [],
          "private": "eyJlMmJmYjczMC1lY2FhLTExZTYtOGY4OC0zNDM2M2JjN2M0YzAiOnsiY3JlYXRlIjo2MDAwMDAwMDAwMDAsImRlbGV0ZSI6MTIwMDAwMDAwMDAwMH0sInNjaGVtYV92ZXJzaW9uIjoiMSJ9",
          "dependencies": [
            "module.routing-and-networking.aws_vpc.vpc1"
          ]
        },
        {
          "index_key": "subnet3",
          "schema_version": 1,
          "attributes": {
            "arn": "arn:aws:ec2:us-east-1:724690408369:subnet/subnet-0150e3f894096d07a",
            "assign_ipv6_address_on_creation": false,
            "availability_zone": "us-east-1b",
            "availability_zone_id": "use1-az4",
            "cidr_block": "10.0.2.0/24",
            "customer_owned_ipv4_pool": "",
            "enable_dns64": false,
            "enable_resource_name_dns_a_record_on_launch": false,
            "enable_resource_name_dns_aaaa_record_on_launch": false,
            "id": "subnet-0150e3f894096d07a",
            "ipv6_cidr_block": "",
            "ipv6_cidr_block_association_id": "",
            "ipv6_native": false,
            "map_customer_owned_ip_on_launch": false,
            "map_public_ip_on_launch": false,
            "outpost_arn": "",
            "owner_id": "724690408369",
            "private_dns_hostname_type_on_launch": "ip-name",
            "tags": {
              "Name": "subnet3"
            },
            "tags_all": {
              "Name": "subnet3"
            },
            "timeouts": null,
            "vpc_id": "vpc-071e5560a713b0857"
          },
          "sensitive_attributes": [],
          "private": "eyJlMmJmYjczMC1lY2FhLTExZTYtOGY4OC0zNDM2M2JjN2M0YzAiOnsiY3JlYXRlIjo2MDAwMDAwMDAwMDAsImRlbGV0ZSI6MTIwMDAwMDAwMDAwMH0sInNjaGVtYV92ZXJzaW9uIjoiMSJ9",
          "dependencies": [
            "module.routing-and-networking.aws_vpc.vpc1"
          ]
        }
      ]
    },
    {
      "module": "module.routing-and-networking",
      "mode": "managed",
      "type": "aws_vpc",
      "name": "vpc1",
      "provider": "provider[\"registry.terraform.io/hashicorp/aws\"]",
      "instances": [
        {
          "schema_version": 1,
          "attributes": {
            "arn": "arn:aws:ec2:us-east-1:724690408369:vpc/vpc-071e5560a713b0857",
            "assign_generated_ipv6_cidr_block": false,
            "cidr_block": "10.0.0.0/16",
            "default_network_acl_id": "acl-08175dcebe41b7961",
            "default_route_table_id": "rtb-0e95a80a34fd3dd21",
            "default_security_group_id": "sg-044235de6019735a8",
            "dhcp_options_id": "dopt-0c9045477746072cc",
            "enable_classiclink": false,
            "enable_classiclink_dns_support": false,
            "enable_dns_hostnames": false,
            "enable_dns_support": true,
            "enable_network_address_usage_metrics": false,
            "id": "vpc-071e5560a713b0857",
            "instance_tenancy": "default",
            "ipv4_ipam_pool_id": null,
            "ipv4_netmask_length": null,
            "ipv6_association_id": "",
            "ipv6_cidr_block": "",
            "ipv6_cidr_block_network_border_group": "",
            "ipv6_ipam_pool_id": "",
            "ipv6_netmask_length": 0,
            "main_route_table_id": "rtb-0e95a80a34fd3dd21",
            "owner_id": "724690408369",
            "tags": {
              "Name": " lab3"
            },
            "tags_all": {
              "Name": " lab3"
            }
          },
          "sensitive_attributes": [],
          "private": "eyJzY2hlbWFfdmVyc2lvbiI6IjEifQ=="
        }
      ]
    }
  ],
  "check_results": null
}
